
Microsoft Visual Studio Solution File, Format Version 12.00
# Visual Studio Version 17
VisualStudioVersion = 17.4.33213.308
MinimumVisualStudioVersion = 10.0.40219.1
Project("{FAE04EC0-301F-11D3-BF4B-00C04F79EFBC}") = "TaxCalculator", "TaxCalculator\TaxCalculator.csproj", "{9A5042A8-3B98-4472-A0C2-D776ED14E5B9}"
EndProject
Project("{FAE04EC0-301F-11D3-BF4B-00C04F79EFBC}") = "TaxCalculator.Entities", "TaxCalculator.Entities\TaxCalculator.Entities.csproj", "{7922D72E-A12B-44C0-953B-2DE5C3D27C79}"
EndProject
Project("{FAE04EC0-301F-11D3-BF4B-00C04F79EFBC}") = "TaxCalculator.BusinessLogic", "TaxCalculator.BusinessLogic\TaxCalculator.BusinessLogic.csproj", "{607CFC27-5EF2-4C40-8A86-DD2861FFA9C0}"
EndProject
Project("{FAE04EC0-301F-11D3-BF4B-00C04F79EFBC}") = "TaxCalculator.DataAccess", "TaxCalculator.DataAccess\TaxCalculator.DataAccess.csproj", "{4CE4F34C-682A-4FE2-91B6-3FF706247811}"
EndProject
Project("{FAE04EC0-301F-11D3-BF4B-00C04F79EFBC}") = "TaxCalculator.Configuration.Extensions", "TaxCalculator.Configuration.Extensions\TaxCalculator.Configuration.Extensions.csproj", "{81A646F3-B719-46B7-82AD-E54FE807B05E}"
EndProject
Global
	GlobalSection(SolutionConfigurationPlatforms) = preSolution
		Debug|Any CPU = Debug|Any CPU
		Release|Any CPU = Release|Any CPU
	EndGlobalSection
	GlobalSection(ProjectConfigurationPlatforms) = postSolution
		{9A5042A8-3B98-4472-A0C2-D776ED14E5B9}.Debug|Any CPU.ActiveCfg = Debug|Any CPU
		{9A5042A8-3B98-4472-A0C2-D776ED14E5B9}.Debug|Any CPU.Build.0 = Debug|Any CPU
		{9A5042A8-3B98-4472-A0C2-D776ED14E5B9}.Release|Any CPU.ActiveCfg = Release|Any CPU
		{9A5042A8-3B98-4472-A0C2-D776ED14E5B9}.Release|Any CPU.Build.0 = Release|Any CPU
		{7922D72E-A12B-44C0-953B-2DE5C3D27C79}.Debug|Any CPU.ActiveCfg = Debug|Any CPU
		{7922D72E-A12B-44C0-953B-2DE5C3D27C79}.Debug|Any CPU.Build.0 = Debug|Any CPU
		{7922D72E-A12B-44C0-953B-2DE5C3D27C79}.Release|Any CPU.ActiveCfg = Release|Any CPU
		{7922D72E-A12B-44C0-953B-2DE5C3D27C79}.Release|Any CPU.Build.0 = Release|Any CPU
		{607CFC27-5EF2-4C40-8A86-DD2861FFA9C0}.Debug|Any CPU.ActiveCfg = Debug|Any CPU
		{607CFC27-5EF2-4C40-8A86-DD2861FFA9C0}.Debug|Any CPU.Build.0 = Debug|Any CPU
		{607CFC27-5EF2-4C40-8A86-DD2861FFA9C0}.Release|Any CPU.ActiveCfg = Release|Any CPU
		{607CFC27-5EF2-4C40-8A86-DD2861FFA9C0}.Release|Any CPU.Build.0 = Release|Any CPU
		{4CE4F34C-682A-4FE2-91B6-3FF706247811}.Debug|Any CPU.ActiveCfg = Debug|Any CPU
		{4CE4F34C-682A-4FE2-91B6-3FF706247811}.Debug|Any CPU.Build.0 = Debug|Any CPU
		{4CE4F34C-682A-4FE2-91B6-3FF706247811}.Release|Any CPU.ActiveCfg = Release|Any CPU
		{4CE4F34C-682A-4FE2-91B6-3FF706247811}.Release|Any CPU.Build.0 = Release|Any CPU
		{81A646F3-B719-46B7-82AD-E54FE807B05E}.Debug|Any CPU.ActiveCfg = Debug|Any CPU
		{81A646F3-B719-46B7-82AD-E54FE807B05E}.Debug|Any CPU.Build.0 = Debug|Any CPU
		{81A646F3-B719-46B7-82AD-E54FE807B05E}.Release|Any CPU.ActiveCfg = Release|Any CPU
		{81A646F3-B719-46B7-82AD-E54FE807B05E}.Release|Any CPU.Build.0 = Release|Any CPU
	EndGlobalSection
	GlobalSection(SolutionProperties) = preSolution
		HideSolutionNode = FALSE
	EndGlobalSection
	GlobalSection(ExtensibilityGlobals) = postSolution
		SolutionGuid = {39C5666E-6E37-450F-81FF-2DFBA20729DB}
	EndGlobalSection
EndGlobal
